
Microsoft Visual Studio Solution File, Format Version 12.00
# Visual Studio Version 17
VisualStudioVersion = 17.14.36408.4
MinimumVisualStudioVersion = 10.0.40219.1
Project("{FAE04EC0-301F-11D3-BF4B-00C04F79EFBC}") = "TanGe", "TanGe.csproj", "{2EACEC04-8C2C-4AE0-8101-C1CD1B5F781E}"
EndProject
Project("{FAE04EC0-301F-11D3-BF4B-00C04F79EFBC}") = "Airtightness.Core", "Airtightness.Core\Airtightness.Core.csproj", "{E32975C6-F64C-46D8-809F-7488BDD3154B}"
EndProject
Project("{FAE04EC0-301F-11D3-BF4B-00C04F79EFBC}") = "Airtightness.Hardware", "Airtightness.Hardware\Airtightness.Hardware.csproj", "{994795CA-5AD4-43E7-82D9-8FD204142760}"
EndProject
Project("{FAE04EC0-301F-11D3-BF4B-00C04F79EFBC}") = "Airtightness.MES", "Airtightness.MES\Airtightness.MES.csproj", "{C5E954E6-5FF1-42CD-8694-8E8977BADFEE}"
EndProject
Project("{FAE04EC0-301F-11D3-BF4B-00C04F79EFBC}") = "Airtightness.WinForms", "Airtightness.WinForms\Airtightness.WinForms.csproj", "{A49EED3A-7C86-4889-B166-E22AD3B1381D}"
EndProject
Global
	GlobalSection(SolutionConfigurationPlatforms) = preSolution
		Debug|Any CPU = Debug|Any CPU
		Release|Any CPU = Release|Any CPU
	EndGlobalSection
	GlobalSection(ProjectConfigurationPlatforms) = postSolution
		{2EACEC04-8C2C-4AE0-8101-C1CD1B5F781E}.Debug|Any CPU.ActiveCfg = Debug|Any CPU
		{2EACEC04-8C2C-4AE0-8101-C1CD1B5F781E}.Debug|Any CPU.Build.0 = Debug|Any CPU
		{2EACEC04-8C2C-4AE0-8101-C1CD1B5F781E}.Release|Any CPU.ActiveCfg = Release|Any CPU
		{2EACEC04-8C2C-4AE0-8101-C1CD1B5F781E}.Release|Any CPU.Build.0 = Release|Any CPU
		{E32975C6-F64C-46D8-809F-7488BDD3154B}.Debug|Any CPU.ActiveCfg = Debug|Any CPU
		{E32975C6-F64C-46D8-809F-7488BDD3154B}.Debug|Any CPU.Build.0 = Debug|Any CPU
		{E32975C6-F64C-46D8-809F-7488BDD3154B}.Release|Any CPU.ActiveCfg = Release|Any CPU
		{E32975C6-F64C-46D8-809F-7488BDD3154B}.Release|Any CPU.Build.0 = Release|Any CPU
		{994795CA-5AD4-43E7-82D9-8FD204142760}.Debug|Any CPU.ActiveCfg = Debug|Any CPU
		{994795CA-5AD4-43E7-82D9-8FD204142760}.Debug|Any CPU.Build.0 = Debug|Any CPU
		{994795CA-5AD4-43E7-82D9-8FD204142760}.Release|Any CPU.ActiveCfg = Release|Any CPU
		{994795CA-5AD4-43E7-82D9-8FD204142760}.Release|Any CPU.Build.0 = Release|Any CPU
		{C5E954E6-5FF1-42CD-8694-8E8977BADFEE}.Debug|Any CPU.ActiveCfg = Debug|Any CPU
		{C5E954E6-5FF1-42CD-8694-8E8977BADFEE}.Debug|Any CPU.Build.0 = Debug|Any CPU
		{C5E954E6-5FF1-42CD-8694-8E8977BADFEE}.Release|Any CPU.ActiveCfg = Release|Any CPU
		{C5E954E6-5FF1-42CD-8694-8E8977BADFEE}.Release|Any CPU.Build.0 = Release|Any CPU
		{A49EED3A-7C86-4889-B166-E22AD3B1381D}.Debug|Any CPU.ActiveCfg = Debug|Any CPU
		{A49EED3A-7C86-4889-B166-E22AD3B1381D}.Debug|Any CPU.Build.0 = Debug|Any CPU
		{A49EED3A-7C86-4889-B166-E22AD3B1381D}.Release|Any CPU.ActiveCfg = Release|Any CPU
		{A49EED3A-7C86-4889-B166-E22AD3B1381D}.Release|Any CPU.Build.0 = Release|Any CPU
	EndGlobalSection
	GlobalSection(SolutionProperties) = preSolution
		HideSolutionNode = FALSE
	EndGlobalSection
	GlobalSection(ExtensibilityGlobals) = postSolution
		SolutionGuid = {9E74756C-4454-428F-A913-9E162142B875}
	EndGlobalSection
EndGlobal
